// !$*UTF8*$!
{
	archiveVersion = 1;
	classes = {
	};
	objectVersion = 46;
	objects = {

/* Begin PBXBuildFile section */
		67488DC21CD8116100D5A47A /* AppDelegate.swift in Sources */ = {isa = PBXBuildFile; fileRef = 67488DC11CD8116100D5A47A /* AppDelegate.swift */; };
		67488DC41CD8116100D5A47A /* ViewController.swift in Sources */ = {isa = PBXBuildFile; fileRef = 67488DC31CD8116100D5A47A /* ViewController.swift */; };
		67488DC71CD8116100D5A47A /* Main.storyboard in Resources */ = {isa = PBXBuildFile; fileRef = 67488DC51CD8116100D5A47A /* Main.storyboard */; };
		67488DC91CD8116100D5A47A /* Assets.xcassets in Resources */ = {isa = PBXBuildFile; fileRef = 67488DC81CD8116100D5A47A /* Assets.xcassets */; };
		67488DCC1CD8116100D5A47A /* LaunchScreen.storyboard in Resources */ = {isa = PBXBuildFile; fileRef = 67488DCA1CD8116100D5A47A /* LaunchScreen.storyboard */; };
/* End PBXBuildFile section */

/* Begin PBXFileReference section */
		67488DBE1CD8116100D5A47A /* isPrimeApp.app */ = {isa = PBXFileReference; explicitFileType = wrapper.application; includeInIndex = 0; path = isPrimeApp.app; sourceTree = BUILT_PRODUCTS_DIR; };
		67488DC11CD8116100D5A47A /* AppDelegate.swift */ = {isa = PBXFileReference; lastKnownFileType = sourcecode.swift; path = AppDelegate.swift; sourceTree = "<group>"; };
		67488DC31CD8116100D5A47A /* ViewController.swift */ = {isa = PBXFileReference; lastKnownFileType = sourcecode.swift; path = ViewController.swift; sourceTree = "<group>"; };
		67488DC61CD8116100D5A47A /* Base */ = {isa = PBXFileReference; lastKnownFileType = file.storyboard; name = Base; path = Base.lproj/Main.storyboard; sourceTree = "<group>"; };
		67488DC81CD8116100D5A47A /* Assets.xcassets */ = {isa = PBXFileReference; lastKnownFileType = folder.assetcatalog; path = Assets.xcassets; sourceTree = "<group>"; };
		67488DCB1CD8116100D5A47A /* Base */ = {isa = PBXFileReference; lastKnownFileType = file.storyboard; name = Base; path = Base.lproj/LaunchScreen.storyboard; sourceTree = "<group>"; };
		67488DCD1CD8116100D5A47A /* Info.plist */ = {isa = PBXFileReference; lastKnownFileType = text.plist.xml; path = Info.plist; sourceTree = "<group>"; };
/* End PBXFileReference section */

/* Begin PBXFrameworksBuildPhase section */
		67488DBB1CD8116100D5A47A /* Frameworks */ = {
			isa = PBXFrameworksBuildPhase;
			buildActionMask = 2147483647;
			files = (
			);
			runOnlyForDeploymentPostprocessing = 0;
		};
/* End PBXFrameworksBuildPhase section */

/* Begin PBXGroup section */
		67488DB51CD8116100D5A47A = {
			isa = PBXGroup;
			children = (
				67488DC01CD8116100D5A47A /* isPrimeApp */,
				67488DBF1CD8116100D5A47A /* Products */,
			);
			sourceTree = "<group>";
		};
		67488DBF1CD8116100D5A47A /* Products */ = {
			isa = PBXGroup;
			children = (
				67488DBE1CD8116100D5A47A /* isPrimeApp.app */,
			);
			name = Products;
			sourceTree = "<group>";
		};
		67488DC01CD8116100D5A47A /* isPrimeApp */ = {
			isa = PBXGroup;
			children = (
				67488DC11CD8116100D5A47A /* AppDelegate.swift */,
				67488DC31CD8116100D5A47A /* ViewController.swift */,
				67488DC51CD8116100D5A47A /* Main.storyboard */,
				67488DC81CD8116100D5A47A /* Assets.xcassets */,
				67488DCA1CD8116100D5A47A /* LaunchScreen.storyboard */,
				67488DCD1CD8116100D5A47A /* Info.plist */,
			);
			path = isPrimeApp;
			sourceTree = "<group>";
		};
/* End PBXGroup section */

/* Begin PBXNativeTarget section */
		67488DBD1CD8116100D5A47A /* isPrimeApp */ = {
			isa = PBXNativeTarget;
			buildConfigurationList = 67488DD01CD8116100D5A47A /* Build configuration list for PBXNativeTarget "isPrimeApp" */;
			buildPhases = (
				67488DBA1CD8116100D5A47A /* Sources */,
				67488DBB1CD8116100D5A47A /* Frameworks */,
				67488DBC1CD8116100D5A47A /* Resources */,
			);
			buildRules = (
			);
			dependencies = (
			);
			name = isPrimeApp;
			productName = isPrimeApp;
			productReference = 67488DBE1CD8116100D5A47A /* isPrimeApp.app */;
			productType = "com.apple.product-type.application";
		};
/* End PBXNativeTarget section */

/* Begin PBXProject section */
		67488DB61CD8116100D5A47A /* Project object */ = {
			isa = PBXProject;
			attributes = {
				LastSwiftUpdateCheck = 0730;
				LastUpgradeCheck = 0730;
				ORGANIZATIONNAME = "Kaylan Smith";
				TargetAttributes = {
					67488DBD1CD8116100D5A47A = {
						CreatedOnToolsVersion = 7.3;
					};
				};
			};
			buildConfigurationList = 67488DB91CD8116100D5A47A /* Build configuration list for PBXProject "isPrimeApp" */;
			compatibilityVersion = "Xcode 3.2";
			developmentRegion = English;
			hasScannedForEncodings = 0;
			knownRegions = (
				en,
				Base,
			);
			mainGroup = 67488DB51CD8116100D5A47A;
			productRefGroup = 67488DBF1CD8116100D5A47A /* Products */;
			projectDirPath = "";
			projectRoot = "";
			targets = (
				67488DBD1CD8116100D5A47A /* isPrimeApp */,
			);
		};
/* End PBXProject section */

/* Begin PBXResourcesBuildPhase section */
		67488DBC1CD8116100D5A47A /* Resources */ = {
			isa = PBXResourcesBuildPhase;
			buildActionMask = 2147483647;
			files = (
				67488DCC1CD8116100D5A47A /* LaunchScreen.storyboard in Resources */,
				67488DC91CD8116100D5A47A /* Assets.xcassets in Resources */,
				67488DC71CD8116100D5A47A /* Main.storyboard in Resources */,
			);
			runOnlyForDeploymentPostprocessing = 0;
		};
/* End PBXResourcesBuildPhase section */

/* Begin PBXSourcesBuildPhase section */
		67488DBA1CD8116100D5A47A /* Sources */ = {
			isa = PBXSourcesBuildPhase;
			buildActionMask = 2147483647;
			files = (
				67488DC41CD8116100D5A47A /* ViewController.swift in Sources */,
				67488DC21CD8116100D5A47A /* AppDelegate.swift in Sources */,
			);
			runOnlyForDeploymentPostprocessing = 0;
		};
/* End PBXSourcesBuildPhase section */

/* Begin PBXVariantGroup section */
		67488DC51CD8116100D5A47A /* Main.storyboard */ = {
			isa = PBXVariantGroup;
			children = (
				67488DC61CD8116100D5A47A /* Base */,
			);
			name = Main.storyboard;
			sourceTree = "<group>";
		};
		67488DCA1CD8116100D5A47A /* LaunchScreen.storyboard */ = {
			isa = PBXVariantGroup;
			children = (
				67488DCB1CD8116100D5A47A /* Base */,
			);
			name = LaunchScreen.storyboard;
			sourceTree = "<group>";
		};
/* End PBXVariantGroup section */

/* Begin XCBuildConfiguration section */
		67488DCE1CD8116100D5A47A /* Debug */ = {
			isa = XCBuildConfiguration;
			buildSettings = {
				ALWAYS_SEARCH_USER_PATHS = NO;
				CLANG_ANALYZER_NONNULL = YES;
				CLANG_CXX_LANGUAGE_STANDARD = "gnu++0x";
				CLANG_CXX_LIBRARY = "libc++";
				CLANG_ENABLE_MODULES = YES;
				CLANG_ENABLE_OBJC_ARC = YES;
				CLANG_WARN_BOOL_CONVERSION = YES;
				CLANG_WARN_CONSTANT_CONVERSION = YES;
				CLANG_WARN_DIRECT_OBJC_ISA_USAGE = YES_ERROR;
				CLANG_WARN_EMPTY_BODY = YES;
				CLANG_WARN_ENUM_CONVERSION = YES;
				CLANG_WARN_INT_CONVERSION = YES;
				CLANG_WARN_OBJC_ROOT_CLASS = YES_ERROR;
				CLANG_WARN_UNREACHABLE_CODE = YES;
				CLANG_WARN__DUPLICATE_METHOD_MATCH = YES;
				"CODE_SIGN_IDENTITY[sdk=iphoneos*]" = "iPhone Developer";
				COPY_PHASE_STRIP = NO;
				DEBUG_INFORMATION_FORMAT = dwarf;
				ENABLE_STRICT_OBJC_MSGSEND = YES;
				ENABLE_TESTABILITY = YES;
				GCC_C_LANGUAGE_STANDARD = gnu99;
				GCC_DYNAMIC_NO_PIC = NO;
				GCC_NO_COMMON_BLOCKS = YES;
				GCC_OPTIMIZATION_LEVEL = 0;
				GCC_PREPROCESSOR_DEFINITIONS = (
					"DEBUG=1",
					"$(inherited)",
				);
				GCC_WARN_64_TO_32_BIT_CONVERSION = YES;
				GCC_WARN_ABOUT_RETURN_TYPE = YES_ERROR;
				GCC_WARN_UNDECLARED_SELECTOR = YES;
				GCC_WARN_UNINITIALIZED_AUTOS = YES_AGGRESSIVE;
				GCC_WARN_UNUSED_FUNCTION = YES;
				GCC_WARN_UNUSED_VARIABLE = YES;
				IPHONEOS_DEPLOYMENT_TARGET = 9.3;
				MTL_ENABLE_DEBUG_INFO = YES;
				ONLY_ACTIVE_ARCH = YES;
				SDKROOT = iphoneos;
				SWIFT_OPTIMIZATION_LEVEL = "-Onone";
			};
			name = Debug;
		};
		67488DCF1CD8116100D5A47A /* Release */ = {
			isa = XCBuildConfiguration;
			buildSettings = {
				ALWAYS_SEARCH_USER_PATHS = NO;
				CLANG_ANALYZER_NONNULL = YES;
				CLANG_CXX_LANGUAGE_STANDARD = "gnu++0x";
				CLANG_CXX_LIBRARY = "libc++";
				CLANG_ENABLE_MODULES = YES;
				CLANG_ENABLE_OBJC_ARC = YES;
				CLANG_WARN_BOOL_CONVERSION = YES;
				CLANG_WARN_CONSTANT_CONVERSION = YES;
				CLANG_WARN_DIRECT_OBJC_ISA_USAGE = YES_ERROR;
				CLANG_WARN_EMPTY_BODY = YES;
				CLANG_WARN_ENUM_CONVERSION = YES;
				CLANG_WARN_INT_CONVERSION = YES;
				CLANG_WARN_OBJC_ROOT_CLASS = YES_ERROR;
				CLANG_WARN_UNREACHABLE_CODE = YES;
				CLANG_WARN__DUPLICATE_METHOD_MATCH = YES;
				"CODE_SIGN_IDENTITY[sdk=iphoneos*]" = "iPhone Developer";
				COPY_PHASE_STRIP = NO;
				DEBUG_INFORMATION_FORMAT = "dwarf-with-dsym";
				ENABLE_NS_ASSERTIONS = NO;
				ENABLE_STRICT_OBJC_MSGSEND = YES;
				GCC_C_LANGUAGE_STANDARD = gnu99;
				GCC_NO_COMMON_BLOCKS = YES;
				GCC_WARN_64_TO_32_BIT_CONVERSION = YES;
				GCC_WARN_ABOUT_RETURN_TYPE = YES_ERROR;
				GCC_WARN_UNDECLARED_SELECTOR = YES;
				GCC_WARN_UNINITIALIZED_AUTOS = YES_AGGRESSIVE;
				GCC_WARN_UNUSED_FUNCTION = YES;
				GCC_WARN_UNUSED_VARIABLE = YES;
				IPHONEOS_DEPLOYMENT_TARGET = 9.3;
				MTL_ENABLE_DEBUG_INFO = NO;
				SDKROOT = iphoneos;
				VALIDATE_PRODUCT = YES;
			};
			name = Release;
		};
		67488DD11CD8116100D5A47A /* Debug */ = {
			isa = XCBuildConfiguration;
			buildSettings = {
				ASSETCATALOG_COMPILER_APPICON_NAME = AppIcon;
				INFOPLIST_FILE = isPrimeApp/Info.plist;
				LD_RUNPATH_SEARCH_PATHS = "$(inherited) @executable_path/Frameworks";
				PRODUCT_BUNDLE_IDENTIFIER = com.kaylansmith.isPrimeApp;
				PRODUCT_NAME = "$(TARGET_NAME)";
			};
			name = Debug;
		};
		67488DD21CD8116100D5A47A /* Release */ = {
			isa = XCBuildConfiguration;
			buildSettings = {
				ASSETCATALOG_COMPILER_APPICON_NAME = AppIcon;
				INFOPLIST_FILE = isPrimeApp/Info.plist;
				LD_RUNPATH_SEARCH_PATHS = "$(inherited) @executable_path/Frameworks";
				PRODUCT_BUNDLE_IDENTIFIER = com.kaylansmith.isPrimeApp;
				PRODUCT_NAME = "$(TARGET_NAME)";
			};
			name = Release;
		};
/* End XCBuildConfiguration section */

/* Begin XCConfigurationList section */
		67488DB91CD8116100D5A47A /* Build configuration list for PBXProject "isPrimeApp" */ = {
			isa = XCConfigurationList;
			buildConfigurations = (
				67488DCE1CD8116100D5A47A /* Debug */,
				67488DCF1CD8116100D5A47A /* Release */,
			);
			defaultConfigurationIsVisible = 0;
			defaultConfigurationName = Release;
		};
		67488DD01CD8116100D5A47A /* Build configuration list for PBXNativeTarget "isPrimeApp" */ = {
			isa = XCConfigurationList;
			buildConfigurations = (
				67488DD11CD8116100D5A47A /* Debug */,
				67488DD21CD8116100D5A47A /* Release */,
			);
			defaultConfigurationIsVisible = 0;
		};
/* End XCConfigurationList section */
	};
	rootObject = 67488DB61CD8116100D5A47A /* Project object */;
}
